
Microsoft Visual Studio Solution File, Format Version 12.00
# Visual Studio Version 17
VisualStudioVersion = 17.3.32825.248
MinimumVisualStudioVersion = 10.0.40219.1
Project("{FAE04EC0-301F-11D3-BF4B-00C04F79EFBC}") = "BombPlane", "BombPlane\BombPlane.csproj", "{2CE4FD16-9C32-4E22-BF66-25B47EA5BF9B}"
EndProject
Global
	GlobalSection(SolutionConfigurationPlatforms) = preSolution
		Debug|Any CPU = Debug|Any CPU
		Release|Any CPU = Release|Any CPU
	EndGlobalSection
	GlobalSection(ProjectConfigurationPlatforms) = postSolution
		{2CE4FD16-9C32-4E22-BF66-25B47EA5BF9B}.Debug|Any CPU.ActiveCfg = Debug|Any CPU
		{2CE4FD16-9C32-4E22-BF66-25B47EA5BF9B}.Debug|Any CPU.Build.0 = Debug|Any CPU
		{2CE4FD16-9C32-4E22-BF66-25B47EA5BF9B}.Release|Any CPU.ActiveCfg = Release|Any CPU
		{2CE4FD16-9C32-4E22-BF66-25B47EA5BF9B}.Release|Any CPU.Build.0 = Release|Any CPU
	EndGlobalSection
	GlobalSection(SolutionProperties) = preSolution
		HideSolutionNode = FALSE
	EndGlobalSection
	GlobalSection(ExtensibilityGlobals) = postSolution
		SolutionGuid = {1EAD389F-FC88-479E-B7DD-E754CC4CE3A4}
	EndGlobalSection
EndGlobal
